// !$*UTF8*$!
{
	archiveVersion = 1;
	classes = {
	};
	objectVersion = 51;
	objects = {

/* Begin PBXBuildFile section */
		862BB5B42381866A00ED837C /* AppDelegate.swift in Sources */ = {isa = PBXBuildFile; fileRef = 862BB5B32381866A00ED837C /* AppDelegate.swift */; };
		862BB5B62381866A00ED837C /* SceneDelegate.swift in Sources */ = {isa = PBXBuildFile; fileRef = 862BB5B52381866A00ED837C /* SceneDelegate.swift */; };
		862BB5B82381866A00ED837C /* MasterViewController.swift in Sources */ = {isa = PBXBuildFile; fileRef = 862BB5B72381866A00ED837C /* MasterViewController.swift */; };
		862BB5BA2381866A00ED837C /* DetailViewController.swift in Sources */ = {isa = PBXBuildFile; fileRef = 862BB5B92381866A00ED837C /* DetailViewController.swift */; };
		862BB5BD2381866A00ED837C /* Main.storyboard in Resources */ = {isa = PBXBuildFile; fileRef = 862BB5BB2381866A00ED837C /* Main.storyboard */; };
		862BB5BF2381866E00ED837C /* Assets.xcassets in Resources */ = {isa = PBXBuildFile; fileRef = 862BB5BE2381866E00ED837C /* Assets.xcassets */; };
		862BB5C22381866E00ED837C /* LaunchScreen.storyboard in Resources */ = {isa = PBXBuildFile; fileRef = 862BB5C02381866E00ED837C /* LaunchScreen.storyboard */; };
		862BB5D82381880100ED837C /* ParameterEncoding.swift in Sources */ = {isa = PBXBuildFile; fileRef = 862BB5CB2381880100ED837C /* ParameterEncoding.swift */; };
		862BB5D92381880100ED837C /* URLParameterEncoding.swift in Sources */ = {isa = PBXBuildFile; fileRef = 862BB5CC2381880100ED837C /* URLParameterEncoding.swift */; };
		862BB5DA2381880100ED837C /* JSONParameterEncoder.swift in Sources */ = {isa = PBXBuildFile; fileRef = 862BB5CD2381880100ED837C /* JSONParameterEncoder.swift */; };
		862BB5DB2381880100ED837C /* NetworkManager.swift in Sources */ = {isa = PBXBuildFile; fileRef = 862BB5CF2381880100ED837C /* NetworkManager.swift */; };
		862BB5DC2381880100ED837C /* MovieEndPoint.swift in Sources */ = {isa = PBXBuildFile; fileRef = 862BB5D12381880100ED837C /* MovieEndPoint.swift */; };
		862BB5DD2381880100ED837C /* HTTPTask.swift in Sources */ = {isa = PBXBuildFile; fileRef = 862BB5D32381880100ED837C /* HTTPTask.swift */; };
		862BB5DE2381880100ED837C /* HTTPMethod.swift in Sources */ = {isa = PBXBuildFile; fileRef = 862BB5D42381880100ED837C /* HTTPMethod.swift */; };
		862BB5DF2381880100ED837C /* Router.swift in Sources */ = {isa = PBXBuildFile; fileRef = 862BB5D52381880100ED837C /* Router.swift */; };
		862BB5E02381880100ED837C /* NetworkLogger.swift in Sources */ = {isa = PBXBuildFile; fileRef = 862BB5D62381880100ED837C /* NetworkLogger.swift */; };
		862BB5E12381880100ED837C /* EndPointType.swift in Sources */ = {isa = PBXBuildFile; fileRef = 862BB5D72381880100ED837C /* EndPointType.swift */; };
		862BB5E623818AAE00ED837C /* GoogleService-Info.plist in Resources */ = {isa = PBXBuildFile; fileRef = 862BB5E523818AAE00ED837C /* GoogleService-Info.plist */; };
		EE9601A0DF018D2BF2CC7114 /* Pods_Loodos_Movie.framework in Frameworks */ = {isa = PBXBuildFile; fileRef = 3476BB0E5FB349585E6F2295 /* Pods_Loodos_Movie.framework */; };
/* End PBXBuildFile section */

/* Begin PBXFileReference section */
		3476BB0E5FB349585E6F2295 /* Pods_Loodos_Movie.framework */ = {isa = PBXFileReference; explicitFileType = wrapper.framework; includeInIndex = 0; path = Pods_Loodos_Movie.framework; sourceTree = BUILT_PRODUCTS_DIR; };
		862BB5B02381866A00ED837C /* Loodos Movie.app */ = {isa = PBXFileReference; explicitFileType = wrapper.application; includeInIndex = 0; path = "Loodos Movie.app"; sourceTree = BUILT_PRODUCTS_DIR; };
		862BB5B32381866A00ED837C /* AppDelegate.swift */ = {isa = PBXFileReference; lastKnownFileType = sourcecode.swift; path = AppDelegate.swift; sourceTree = "<group>"; };
		862BB5B52381866A00ED837C /* SceneDelegate.swift */ = {isa = PBXFileReference; lastKnownFileType = sourcecode.swift; path = SceneDelegate.swift; sourceTree = "<group>"; };
		862BB5B72381866A00ED837C /* MasterViewController.swift */ = {isa = PBXFileReference; lastKnownFileType = sourcecode.swift; path = MasterViewController.swift; sourceTree = "<group>"; };
		862BB5B92381866A00ED837C /* DetailViewController.swift */ = {isa = PBXFileReference; lastKnownFileType = sourcecode.swift; path = DetailViewController.swift; sourceTree = "<group>"; };
		862BB5BC2381866A00ED837C /* Base */ = {isa = PBXFileReference; lastKnownFileType = file.storyboard; name = Base; path = Base.lproj/Main.storyboard; sourceTree = "<group>"; };
		862BB5BE2381866E00ED837C /* Assets.xcassets */ = {isa = PBXFileReference; lastKnownFileType = folder.assetcatalog; path = Assets.xcassets; sourceTree = "<group>"; };
		862BB5C12381866E00ED837C /* Base */ = {isa = PBXFileReference; lastKnownFileType = file.storyboard; name = Base; path = Base.lproj/LaunchScreen.storyboard; sourceTree = "<group>"; };
		862BB5C32381866E00ED837C /* Info.plist */ = {isa = PBXFileReference; lastKnownFileType = text.plist.xml; path = Info.plist; sourceTree = "<group>"; };
		862BB5CB2381880100ED837C /* ParameterEncoding.swift */ = {isa = PBXFileReference; fileEncoding = 4; lastKnownFileType = sourcecode.swift; path = ParameterEncoding.swift; sourceTree = "<group>"; };
		862BB5CC2381880100ED837C /* URLParameterEncoding.swift */ = {isa = PBXFileReference; fileEncoding = 4; lastKnownFileType = sourcecode.swift; path = URLParameterEncoding.swift; sourceTree = "<group>"; };
		862BB5CD2381880100ED837C /* JSONParameterEncoder.swift */ = {isa = PBXFileReference; fileEncoding = 4; lastKnownFileType = sourcecode.swift; path = JSONParameterEncoder.swift; sourceTree = "<group>"; };
		862BB5CF2381880100ED837C /* NetworkManager.swift */ = {isa = PBXFileReference; fileEncoding = 4; lastKnownFileType = sourcecode.swift; path = NetworkManager.swift; sourceTree = "<group>"; };
		862BB5D12381880100ED837C /* MovieEndPoint.swift */ = {isa = PBXFileReference; fileEncoding = 4; lastKnownFileType = sourcecode.swift; path = MovieEndPoint.swift; sourceTree = "<group>"; };
		862BB5D32381880100ED837C /* HTTPTask.swift */ = {isa = PBXFileReference; fileEncoding = 4; lastKnownFileType = sourcecode.swift; path = HTTPTask.swift; sourceTree = "<group>"; };
		862BB5D42381880100ED837C /* HTTPMethod.swift */ = {isa = PBXFileReference; fileEncoding = 4; lastKnownFileType = sourcecode.swift; path = HTTPMethod.swift; sourceTree = "<group>"; };
		862BB5D52381880100ED837C /* Router.swift */ = {isa = PBXFileReference; fileEncoding = 4; lastKnownFileType = sourcecode.swift; path = Router.swift; sourceTree = "<group>"; };
		862BB5D62381880100ED837C /* NetworkLogger.swift */ = {isa = PBXFileReference; fileEncoding = 4; lastKnownFileType = sourcecode.swift; path = NetworkLogger.swift; sourceTree = "<group>"; };
		862BB5D72381880100ED837C /* EndPointType.swift */ = {isa = PBXFileReference; fileEncoding = 4; lastKnownFileType = sourcecode.swift; path = EndPointType.swift; sourceTree = "<group>"; };
		862BB5E523818AAE00ED837C /* GoogleService-Info.plist */ = {isa = PBXFileReference; fileEncoding = 4; lastKnownFileType = text.plist.xml; path = "GoogleService-Info.plist"; sourceTree = "<group>"; };
		B3707569220DACBCFB439F9B /* Pods-Loodos Movie.debug.xcconfig */ = {isa = PBXFileReference; includeInIndex = 1; lastKnownFileType = text.xcconfig; name = "Pods-Loodos Movie.debug.xcconfig"; path = "Target Support Files/Pods-Loodos Movie/Pods-Loodos Movie.debug.xcconfig"; sourceTree = "<group>"; };
		BA691CF09CCC66A9D157DB2D /* Pods-Loodos Movie.release.xcconfig */ = {isa = PBXFileReference; includeInIndex = 1; lastKnownFileType = text.xcconfig; name = "Pods-Loodos Movie.release.xcconfig"; path = "Target Support Files/Pods-Loodos Movie/Pods-Loodos Movie.release.xcconfig"; sourceTree = "<group>"; };
/* End PBXFileReference section */

/* Begin PBXFrameworksBuildPhase section */
		862BB5AD2381866A00ED837C /* Frameworks */ = {
			isa = PBXFrameworksBuildPhase;
			buildActionMask = 2147483647;
			files = (
				EE9601A0DF018D2BF2CC7114 /* Pods_Loodos_Movie.framework in Frameworks */,
			);
			runOnlyForDeploymentPostprocessing = 0;
		};
/* End PBXFrameworksBuildPhase section */

/* Begin PBXGroup section */
		45E60F499F39FCE582704719 /* Frameworks */ = {
			isa = PBXGroup;
			children = (
				3476BB0E5FB349585E6F2295 /* Pods_Loodos_Movie.framework */,
			);
			name = Frameworks;
			sourceTree = "<group>";
		};
		862BB5A72381866A00ED837C = {
			isa = PBXGroup;
			children = (
				862BB5B22381866A00ED837C /* Loodos Movie */,
				862BB5B12381866A00ED837C /* Products */,
				DC3B0515CADA70D658EC51C2 /* Pods */,
				45E60F499F39FCE582704719 /* Frameworks */,
			);
			sourceTree = "<group>";
		};
		862BB5B12381866A00ED837C /* Products */ = {
			isa = PBXGroup;
			children = (
				862BB5B02381866A00ED837C /* Loodos Movie.app */,
			);
			name = Products;
			sourceTree = "<group>";
		};
		862BB5B22381866A00ED837C /* Loodos Movie */ = {
			isa = PBXGroup;
			children = (
				862BB5B32381866A00ED837C /* AppDelegate.swift */,
				862BB5B52381866A00ED837C /* SceneDelegate.swift */,
				862BB5E2238188EE00ED837C /* ViewController */,
				862BB5C92381880100ED837C /* Networking */,
				862BB5BB2381866A00ED837C /* Main.storyboard */,
				862BB5BE2381866E00ED837C /* Assets.xcassets */,
				862BB5C02381866E00ED837C /* LaunchScreen.storyboard */,
				862BB5E523818AAE00ED837C /* GoogleService-Info.plist */,
				862BB5C32381866E00ED837C /* Info.plist */,
			);
			path = "Loodos Movie";
			sourceTree = "<group>";
		};
		862BB5C92381880100ED837C /* Networking */ = {
			isa = PBXGroup;
			children = (
				862BB5CA2381880100ED837C /* Encoding */,
				862BB5CE2381880100ED837C /* Manager */,
				862BB5D02381880100ED837C /* EndPoint */,
				862BB5D22381880100ED837C /* Service */,
			);
			path = Networking;
			sourceTree = "<group>";
		};
		862BB5CA2381880100ED837C /* Encoding */ = {
			isa = PBXGroup;
			children = (
				862BB5CB2381880100ED837C /* ParameterEncoding.swift */,
				862BB5CC2381880100ED837C /* URLParameterEncoding.swift */,
				862BB5CD2381880100ED837C /* JSONParameterEncoder.swift */,
			);
			path = Encoding;
			sourceTree = "<group>";
		};
		862BB5CE2381880100ED837C /* Manager */ = {
			isa = PBXGroup;
			children = (
				862BB5CF2381880100ED837C /* NetworkManager.swift */,
			);
			path = Manager;
			sourceTree = "<group>";
		};
		862BB5D02381880100ED837C /* EndPoint */ = {
			isa = PBXGroup;
			children = (
				862BB5D12381880100ED837C /* MovieEndPoint.swift */,
			);
			path = EndPoint;
			sourceTree = "<group>";
		};
		862BB5D22381880100ED837C /* Service */ = {
			isa = PBXGroup;
			children = (
				862BB5D32381880100ED837C /* HTTPTask.swift */,
				862BB5D42381880100ED837C /* HTTPMethod.swift */,
				862BB5D52381880100ED837C /* Router.swift */,
				862BB5D62381880100ED837C /* NetworkLogger.swift */,
				862BB5D72381880100ED837C /* EndPointType.swift */,
			);
			path = Service;
			sourceTree = "<group>";
		};
		862BB5E2238188EE00ED837C /* ViewController */ = {
			isa = PBXGroup;
			children = (
				862BB5E3238188FB00ED837C /* HomePageVC */,
			);
			path = ViewController;
			sourceTree = "<group>";
		};
		862BB5E3238188FB00ED837C /* HomePageVC */ = {
			isa = PBXGroup;
			children = (
				862BB5B72381866A00ED837C /* MasterViewController.swift */,
				862BB5E42381890300ED837C /* MovieDetailVC */,
			);
			path = HomePageVC;
			sourceTree = "<group>";
		};
		862BB5E42381890300ED837C /* MovieDetailVC */ = {
			isa = PBXGroup;
			children = (
				862BB5B92381866A00ED837C /* DetailViewController.swift */,
			);
			path = MovieDetailVC;
			sourceTree = "<group>";
		};
		DC3B0515CADA70D658EC51C2 /* Pods */ = {
			isa = PBXGroup;
			children = (
				B3707569220DACBCFB439F9B /* Pods-Loodos Movie.debug.xcconfig */,
				BA691CF09CCC66A9D157DB2D /* Pods-Loodos Movie.release.xcconfig */,
			);
			path = Pods;
			sourceTree = "<group>";
		};
/* End PBXGroup section */

/* Begin PBXNativeTarget section */
		862BB5AF2381866A00ED837C /* Loodos Movie */ = {
			isa = PBXNativeTarget;
			buildConfigurationList = 862BB5C62381866E00ED837C /* Build configuration list for PBXNativeTarget "Loodos Movie" */;
			buildPhases = (
				0791E7B86F7018860BCB6DA3 /* [CP] Check Pods Manifest.lock */,
				862BB5AC2381866A00ED837C /* Sources */,
				862BB5AD2381866A00ED837C /* Frameworks */,
				862BB5AE2381866A00ED837C /* Resources */,
				E88F9606ABACC2BD4EF29CC1 /* [CP] Embed Pods Frameworks */,
			);
			buildRules = (
			);
			dependencies = (
			);
			name = "Loodos Movie";
			productName = "Loodos Movie";
			productReference = 862BB5B02381866A00ED837C /* Loodos Movie.app */;
			productType = "com.apple.product-type.application";
		};
/* End PBXNativeTarget section */

/* Begin PBXProject section */
		862BB5A82381866A00ED837C /* Project object */ = {
			isa = PBXProject;
			attributes = {
				LastSwiftUpdateCheck = 1110;
				LastUpgradeCheck = 1110;
				ORGANIZATIONNAME = KS;
				TargetAttributes = {
					862BB5AF2381866A00ED837C = {
						CreatedOnToolsVersion = 11.1;
					};
				};
			};
			buildConfigurationList = 862BB5AB2381866A00ED837C /* Build configuration list for PBXProject "Loodos Movie" */;
			compatibilityVersion = "Xcode 9.3";
			developmentRegion = en;
			hasScannedForEncodings = 0;
			knownRegions = (
				en,
				Base,
			);
			mainGroup = 862BB5A72381866A00ED837C;
			productRefGroup = 862BB5B12381866A00ED837C /* Products */;
			projectDirPath = "";
			projectRoot = "";
			targets = (
				862BB5AF2381866A00ED837C /* Loodos Movie */,
			);
		};
/* End PBXProject section */

/* Begin PBXResourcesBuildPhase section */
		862BB5AE2381866A00ED837C /* Resources */ = {
			isa = PBXResourcesBuildPhase;
			buildActionMask = 2147483647;
			files = (
				862BB5C22381866E00ED837C /* LaunchScreen.storyboard in Resources */,
				862BB5E623818AAE00ED837C /* GoogleService-Info.plist in Resources */,
				862BB5BF2381866E00ED837C /* Assets.xcassets in Resources */,
				862BB5BD2381866A00ED837C /* Main.storyboard in Resources */,
			);
			runOnlyForDeploymentPostprocessing = 0;
		};
/* End PBXResourcesBuildPhase section */

/* Begin PBXShellScriptBuildPhase section */
		0791E7B86F7018860BCB6DA3 /* [CP] Check Pods Manifest.lock */ = {
			isa = PBXShellScriptBuildPhase;
			buildActionMask = 2147483647;
			files = (
			);
			inputFileListPaths = (
			);
			inputPaths = (
				"${PODS_PODFILE_DIR_PATH}/Podfile.lock",
				"${PODS_ROOT}/Manifest.lock",
			);
			name = "[CP] Check Pods Manifest.lock";
			outputFileListPaths = (
			);
			outputPaths = (
				"$(DERIVED_FILE_DIR)/Pods-Loodos Movie-checkManifestLockResult.txt",
			);
			runOnlyForDeploymentPostprocessing = 0;
			shellPath = /bin/sh;
			shellScript = "diff \"${PODS_PODFILE_DIR_PATH}/Podfile.lock\" \"${PODS_ROOT}/Manifest.lock\" > /dev/null\nif [ $? != 0 ] ; then\n    # print error to STDERR\n    echo \"error: The sandbox is not in sync with the Podfile.lock. Run 'pod install' or update your CocoaPods installation.\" >&2\n    exit 1\nfi\n# This output is used by Xcode 'outputs' to avoid re-running this script phase.\necho \"SUCCESS\" > \"${SCRIPT_OUTPUT_FILE_0}\"\n";
			showEnvVarsInLog = 0;
		};
		E88F9606ABACC2BD4EF29CC1 /* [CP] Embed Pods Frameworks */ = {
			isa = PBXShellScriptBuildPhase;
			buildActionMask = 2147483647;
			files = (
			);
			inputFileListPaths = (
				"${PODS_ROOT}/Target Support Files/Pods-Loodos Movie/Pods-Loodos Movie-frameworks-${CONFIGURATION}-input-files.xcfilelist",
			);
			name = "[CP] Embed Pods Frameworks";
			outputFileListPaths = (
				"${PODS_ROOT}/Target Support Files/Pods-Loodos Movie/Pods-Loodos Movie-frameworks-${CONFIGURATION}-output-files.xcfilelist",
			);
			runOnlyForDeploymentPostprocessing = 0;
			shellPath = /bin/sh;
			shellScript = "\"${PODS_ROOT}/Target Support Files/Pods-Loodos Movie/Pods-Loodos Movie-frameworks.sh\"\n";
			showEnvVarsInLog = 0;
		};
/* End PBXShellScriptBuildPhase section */

/* Begin PBXSourcesBuildPhase section */
		862BB5AC2381866A00ED837C /* Sources */ = {
			isa = PBXSourcesBuildPhase;
			buildActionMask = 2147483647;
			files = (
				862BB5B42381866A00ED837C /* AppDelegate.swift in Sources */,
				862BB5B62381866A00ED837C /* SceneDelegate.swift in Sources */,
				862BB5D82381880100ED837C /* ParameterEncoding.swift in Sources */,
				862BB5DE2381880100ED837C /* HTTPMethod.swift in Sources */,
				862BB5DF2381880100ED837C /* Router.swift in Sources */,
				862BB5E02381880100ED837C /* NetworkLogger.swift in Sources */,
				862BB5E12381880100ED837C /* EndPointType.swift in Sources */,
				862BB5B82381866A00ED837C /* MasterViewController.swift in Sources */,
				862BB5DB2381880100ED837C /* NetworkManager.swift in Sources */,
				862BB5D92381880100ED837C /* URLParameterEncoding.swift in Sources */,
				862BB5DD2381880100ED837C /* HTTPTask.swift in Sources */,
				862BB5DA2381880100ED837C /* JSONParameterEncoder.swift in Sources */,
				862BB5BA2381866A00ED837C /* DetailViewController.swift in Sources */,
				862BB5DC2381880100ED837C /* MovieEndPoint.swift in Sources */,
			);
			runOnlyForDeploymentPostprocessing = 0;
		};
/* End PBXSourcesBuildPhase section */

/* Begin PBXVariantGroup section */
		862BB5BB2381866A00ED837C /* Main.storyboard */ = {
			isa = PBXVariantGroup;
			children = (
				862BB5BC2381866A00ED837C /* Base */,
			);
			name = Main.storyboard;
			sourceTree = "<group>";
		};
		862BB5C02381866E00ED837C /* LaunchScreen.storyboard */ = {
			isa = PBXVariantGroup;
			children = (
				862BB5C12381866E00ED837C /* Base */,
			);
			name = LaunchScreen.storyboard;
			sourceTree = "<group>";
		};
/* End PBXVariantGroup section */

/* Begin XCBuildConfiguration section */
		862BB5C42381866E00ED837C /* Debug */ = {
			isa = XCBuildConfiguration;
			buildSettings = {
				ALWAYS_SEARCH_USER_PATHS = NO;
				CLANG_ANALYZER_NONNULL = YES;
				CLANG_ANALYZER_NUMBER_OBJECT_CONVERSION = YES_AGGRESSIVE;
				CLANG_CXX_LANGUAGE_STANDARD = "gnu++14";
				CLANG_CXX_LIBRARY = "libc++";
				CLANG_ENABLE_MODULES = YES;
				CLANG_ENABLE_OBJC_ARC = YES;
				CLANG_ENABLE_OBJC_WEAK = YES;
				CLANG_WARN_BLOCK_CAPTURE_AUTORELEASING = YES;
				CLANG_WARN_BOOL_CONVERSION = YES;
				CLANG_WARN_COMMA = YES;
				CLANG_WARN_CONSTANT_CONVERSION = YES;
				CLANG_WARN_DEPRECATED_OBJC_IMPLEMENTATIONS = YES;
				CLANG_WARN_DIRECT_OBJC_ISA_USAGE = YES_ERROR;
				CLANG_WARN_DOCUMENTATION_COMMENTS = YES;
				CLANG_WARN_EMPTY_BODY = YES;
				CLANG_WARN_ENUM_CONVERSION = YES;
				CLANG_WARN_INFINITE_RECURSION = YES;
				CLANG_WARN_INT_CONVERSION = YES;
				CLANG_WARN_NON_LITERAL_NULL_CONVERSION = YES;
				CLANG_WARN_OBJC_IMPLICIT_RETAIN_SELF = YES;
				CLANG_WARN_OBJC_LITERAL_CONVERSION = YES;
				CLANG_WARN_OBJC_ROOT_CLASS = YES_ERROR;
				CLANG_WARN_RANGE_LOOP_ANALYSIS = YES;
				CLANG_WARN_STRICT_PROTOTYPES = YES;
				CLANG_WARN_SUSPICIOUS_MOVE = YES;
				CLANG_WARN_UNGUARDED_AVAILABILITY = YES_AGGRESSIVE;
				CLANG_WARN_UNREACHABLE_CODE = YES;
				CLANG_WARN__DUPLICATE_METHOD_MATCH = YES;
				COPY_PHASE_STRIP = NO;
				DEBUG_INFORMATION_FORMAT = dwarf;
				ENABLE_STRICT_OBJC_MSGSEND = YES;
				ENABLE_TESTABILITY = YES;
				GCC_C_LANGUAGE_STANDARD = gnu11;
				GCC_DYNAMIC_NO_PIC = NO;
				GCC_NO_COMMON_BLOCKS = YES;
				GCC_OPTIMIZATION_LEVEL = 0;
				GCC_PREPROCESSOR_DEFINITIONS = (
					"DEBUG=1",
					"$(inherited)",
				);
				GCC_WARN_64_TO_32_BIT_CONVERSION = YES;
				GCC_WARN_ABOUT_RETURN_TYPE = YES_ERROR;
				GCC_WARN_UNDECLARED_SELECTOR = YES;
				GCC_WARN_UNINITIALIZED_AUTOS = YES_AGGRESSIVE;
				GCC_WARN_UNUSED_FUNCTION = YES;
				GCC_WARN_UNUSED_VARIABLE = YES;
				IPHONEOS_DEPLOYMENT_TARGET = 12.0;
				MTL_ENABLE_DEBUG_INFO = INCLUDE_SOURCE;
				MTL_FAST_MATH = YES;
				ONLY_ACTIVE_ARCH = YES;
				SDKROOT = iphoneos;
				SWIFT_ACTIVE_COMPILATION_CONDITIONS = DEBUG;
				SWIFT_OPTIMIZATION_LEVEL = "-Onone";
			};
			name = Debug;
		};
		862BB5C52381866E00ED837C /* Release */ = {
			isa = XCBuildConfiguration;
			buildSettings = {
				ALWAYS_SEARCH_USER_PATHS = NO;
				CLANG_ANALYZER_NONNULL = YES;
				CLANG_ANALYZER_NUMBER_OBJECT_CONVERSION = YES_AGGRESSIVE;
				CLANG_CXX_LANGUAGE_STANDARD = "gnu++14";
				CLANG_CXX_LIBRARY = "libc++";
				CLANG_ENABLE_MODULES = YES;
				CLANG_ENABLE_OBJC_ARC = YES;
				CLANG_ENABLE_OBJC_WEAK = YES;
				CLANG_WARN_BLOCK_CAPTURE_AUTORELEASING = YES;
				CLANG_WARN_BOOL_CONVERSION = YES;
				CLANG_WARN_COMMA = YES;
				CLANG_WARN_CONSTANT_CONVERSION = YES;
				CLANG_WARN_DEPRECATED_OBJC_IMPLEMENTATIONS = YES;
				CLANG_WARN_DIRECT_OBJC_ISA_USAGE = YES_ERROR;
				CLANG_WARN_DOCUMENTATION_COMMENTS = YES;
				CLANG_WARN_EMPTY_BODY = YES;
				CLANG_WARN_ENUM_CONVERSION = YES;
				CLANG_WARN_INFINITE_RECURSION = YES;
				CLANG_WARN_INT_CONVERSION = YES;
				CLANG_WARN_NON_LITERAL_NULL_CONVERSION = YES;
				CLANG_WARN_OBJC_IMPLICIT_RETAIN_SELF = YES;
				CLANG_WARN_OBJC_LITERAL_CONVERSION = YES;
				CLANG_WARN_OBJC_ROOT_CLASS = YES_ERROR;
				CLANG_WARN_RANGE_LOOP_ANALYSIS = YES;
				CLANG_WARN_STRICT_PROTOTYPES = YES;
				CLANG_WARN_SUSPICIOUS_MOVE = YES;
				CLANG_WARN_UNGUARDED_AVAILABILITY = YES_AGGRESSIVE;
				CLANG_WARN_UNREACHABLE_CODE = YES;
				CLANG_WARN__DUPLICATE_METHOD_MATCH = YES;
				COPY_PHASE_STRIP = NO;
				DEBUG_INFORMATION_FORMAT = "dwarf-with-dsym";
				ENABLE_NS_ASSERTIONS = NO;
				ENABLE_STRICT_OBJC_MSGSEND = YES;
				GCC_C_LANGUAGE_STANDARD = gnu11;
				GCC_NO_COMMON_BLOCKS = YES;
				GCC_WARN_64_TO_32_BIT_CONVERSION = YES;
				GCC_WARN_ABOUT_RETURN_TYPE = YES_ERROR;
				GCC_WARN_UNDECLARED_SELECTOR = YES;
				GCC_WARN_UNINITIALIZED_AUTOS = YES_AGGRESSIVE;
				GCC_WARN_UNUSED_FUNCTION = YES;
				GCC_WARN_UNUSED_VARIABLE = YES;
				IPHONEOS_DEPLOYMENT_TARGET = 12.0;
				MTL_ENABLE_DEBUG_INFO = NO;
				MTL_FAST_MATH = YES;
				SDKROOT = iphoneos;
				SWIFT_COMPILATION_MODE = wholemodule;
				SWIFT_OPTIMIZATION_LEVEL = "-O";
				VALIDATE_PRODUCT = YES;
			};
			name = Release;
		};
		862BB5C72381866E00ED837C /* Debug */ = {
			isa = XCBuildConfiguration;
			baseConfigurationReference = B3707569220DACBCFB439F9B /* Pods-Loodos Movie.debug.xcconfig */;
			buildSettings = {
				ASSETCATALOG_COMPILER_APPICON_NAME = AppIcon;
				CODE_SIGN_STYLE = Automatic;
				DEVELOPMENT_TEAM = 2U6KYB8M67;
				INFOPLIST_FILE = "Loodos Movie/Info.plist";
				IPHONEOS_DEPLOYMENT_TARGET = 13.0;
				LD_RUNPATH_SEARCH_PATHS = (
					"$(inherited)",
					"@executable_path/Frameworks",
				);
				PRODUCT_BUNDLE_IDENTIFIER = "com.KS.Loodos-Movie";
				PRODUCT_NAME = "$(TARGET_NAME)";
				SWIFT_VERSION = 5.0;
				TARGETED_DEVICE_FAMILY = "1,2";
			};
			name = Debug;
		};
		862BB5C82381866E00ED837C /* Release */ = {
			isa = XCBuildConfiguration;
			baseConfigurationReference = BA691CF09CCC66A9D157DB2D /* Pods-Loodos Movie.release.xcconfig */;
			buildSettings = {
				ASSETCATALOG_COMPILER_APPICON_NAME = AppIcon;
				CODE_SIGN_STYLE = Automatic;
				DEVELOPMENT_TEAM = 2U6KYB8M67;
				INFOPLIST_FILE = "Loodos Movie/Info.plist";
				IPHONEOS_DEPLOYMENT_TARGET = 13.0;
				LD_RUNPATH_SEARCH_PATHS = (
					"$(inherited)",
					"@executable_path/Frameworks",
				);
				PRODUCT_BUNDLE_IDENTIFIER = "com.KS.Loodos-Movie";
				PRODUCT_NAME = "$(TARGET_NAME)";
				SWIFT_VERSION = 5.0;
				TARGETED_DEVICE_FAMILY = "1,2";
			};
			name = Release;
		};
/* End XCBuildConfiguration section */

/* Begin XCConfigurationList section */
		862BB5AB2381866A00ED837C /* Build configuration list for PBXProject "Loodos Movie" */ = {
			isa = XCConfigurationList;
			buildConfigurations = (
				862BB5C42381866E00ED837C /* Debug */,
				862BB5C52381866E00ED837C /* Release */,
			);
			defaultConfigurationIsVisible = 0;
			defaultConfigurationName = Release;
		};
		862BB5C62381866E00ED837C /* Build configuration list for PBXNativeTarget "Loodos Movie" */ = {
			isa = XCConfigurationList;
			buildConfigurations = (
				862BB5C72381866E00ED837C /* Debug */,
				862BB5C82381866E00ED837C /* Release */,
			);
			defaultConfigurationIsVisible = 0;
			defaultConfigurationName = Release;
		};
/* End XCConfigurationList section */
	};
	rootObject = 862BB5A82381866A00ED837C /* Project object */;
}
